
Microsoft Visual Studio Solution File, Format Version 12.00
# Visual Studio Version 17
VisualStudioVersion = 17.2.32516.85
MinimumVisualStudioVersion = 10.0.40219.1
Project("{FAE04EC0-301F-11D3-BF4B-00C04F79EFBC}") = "FavoriteSong", "FavoriteSong\FavoriteSong.csproj", "{92B885C7-0C58-401B-A7EB-92508287CB1B}"
EndProject
Global
	GlobalSection(SolutionConfigurationPlatforms) = preSolution
		Debug|Any CPU = Debug|Any CPU
		Release|Any CPU = Release|Any CPU
	EndGlobalSection
	GlobalSection(ProjectConfigurationPlatforms) = postSolution
		{92B885C7-0C58-401B-A7EB-92508287CB1B}.Debug|Any CPU.ActiveCfg = Debug|Any CPU
		{92B885C7-0C58-401B-A7EB-92508287CB1B}.Debug|Any CPU.Build.0 = Debug|Any CPU
		{92B885C7-0C58-401B-A7EB-92508287CB1B}.Release|Any CPU.ActiveCfg = Release|Any CPU
		{92B885C7-0C58-401B-A7EB-92508287CB1B}.Release|Any CPU.Build.0 = Release|Any CPU
	EndGlobalSection
	GlobalSection(SolutionProperties) = preSolution
		HideSolutionNode = FALSE
	EndGlobalSection
	GlobalSection(ExtensibilityGlobals) = postSolution
		SolutionGuid = {61FB3F3E-AE18-4811-89A5-3727CABDC9C8}
	EndGlobalSection
EndGlobal
