
Microsoft Visual Studio Solution File, Format Version 12.00
# Visual Studio Version 16
VisualStudioVersion = 16.0.31424.327
MinimumVisualStudioVersion = 10.0.40219.1
Project("{FAE04EC0-301F-11D3-BF4B-00C04F79EFBC}") = "HelloWorld", "HelloWorld\HelloWorld.csproj", "{F931D0AD-3ACF-4737-B540-1831016D11F4}"
EndProject
Global
	GlobalSection(SolutionConfigurationPlatforms) = preSolution
		Debug|Any CPU = Debug|Any CPU
		Release|Any CPU = Release|Any CPU
	EndGlobalSection
	GlobalSection(ProjectConfigurationPlatforms) = postSolution
		{F931D0AD-3ACF-4737-B540-1831016D11F4}.Debug|Any CPU.ActiveCfg = Debug|Any CPU
		{F931D0AD-3ACF-4737-B540-1831016D11F4}.Debug|Any CPU.Build.0 = Debug|Any CPU
		{F931D0AD-3ACF-4737-B540-1831016D11F4}.Release|Any CPU.ActiveCfg = Release|Any CPU
		{F931D0AD-3ACF-4737-B540-1831016D11F4}.Release|Any CPU.Build.0 = Release|Any CPU
	EndGlobalSection
	GlobalSection(SolutionProperties) = preSolution
		HideSolutionNode = FALSE
	EndGlobalSection
	GlobalSection(ExtensibilityGlobals) = postSolution
		SolutionGuid = {663638D7-FC41-4C39-AB1F-17D651DCD7D4}
	EndGlobalSection
EndGlobal
